
Microsoft Visual Studio Solution File, Format Version 12.00
# Visual Studio 15
VisualStudioVersion = 15.0.27130.2010
MinimumVisualStudioVersion = 10.0.40219.1
Project("{9A19103F-16F7-4668-BE54-9A1E7A4F7556}") = "Runner", "Runner\Runner.csproj", "{42BAFE8D-2E11-490C-8B0C-F68C2D1F44CA}"
EndProject
Project("{2150E333-8FDC-42A3-9474-1A3956D46DE8}") = "Services", "Services", "{E2773ACD-082B-441B-91F2-A7B67B72C029}"
EndProject
Project("{2150E333-8FDC-42A3-9474-1A3956D46DE8}") = "Domain", "Domain", "{8F3AD3F7-D929-49AF-A7DD-F09E131EFED5}"
EndProject
Project("{9A19103F-16F7-4668-BE54-9A1E7A4F7556}") = "TransmissionDomain", "Domain\TransmissionDomain\TransmissionDomain.csproj", "{72AF6705-508C-42BE-90B5-87B3113CB18D}"
EndProject
Project("{9A19103F-16F7-4668-BE54-9A1E7A4F7556}") = "TelegramService", "Services\TelegramService\TelegramService.csproj", "{49847453-07C7-472C-95B8-D73AC5E68EE7}"
EndProject
Project("{9A19103F-16F7-4668-BE54-9A1E7A4F7556}") = "TransmissionService", "Services\TransmissionService\TransmissionService.csproj", "{85B13AFF-2E9C-4B71-9130-A9C87154B07A}"
EndProject
Global
	GlobalSection(SolutionConfigurationPlatforms) = preSolution
		Debug|Any CPU = Debug|Any CPU
		Release|Any CPU = Release|Any CPU
	EndGlobalSection
	GlobalSection(ProjectConfigurationPlatforms) = postSolution
		{42BAFE8D-2E11-490C-8B0C-F68C2D1F44CA}.Debug|Any CPU.ActiveCfg = Debug|Any CPU
		{42BAFE8D-2E11-490C-8B0C-F68C2D1F44CA}.Debug|Any CPU.Build.0 = Debug|Any CPU
		{42BAFE8D-2E11-490C-8B0C-F68C2D1F44CA}.Release|Any CPU.ActiveCfg = Release|Any CPU
		{42BAFE8D-2E11-490C-8B0C-F68C2D1F44CA}.Release|Any CPU.Build.0 = Release|Any CPU
		{72AF6705-508C-42BE-90B5-87B3113CB18D}.Debug|Any CPU.ActiveCfg = Debug|Any CPU
		{72AF6705-508C-42BE-90B5-87B3113CB18D}.Debug|Any CPU.Build.0 = Debug|Any CPU
		{72AF6705-508C-42BE-90B5-87B3113CB18D}.Release|Any CPU.ActiveCfg = Release|Any CPU
		{72AF6705-508C-42BE-90B5-87B3113CB18D}.Release|Any CPU.Build.0 = Release|Any CPU
		{49847453-07C7-472C-95B8-D73AC5E68EE7}.Debug|Any CPU.ActiveCfg = Debug|Any CPU
		{49847453-07C7-472C-95B8-D73AC5E68EE7}.Debug|Any CPU.Build.0 = Debug|Any CPU
		{49847453-07C7-472C-95B8-D73AC5E68EE7}.Release|Any CPU.ActiveCfg = Release|Any CPU
		{49847453-07C7-472C-95B8-D73AC5E68EE7}.Release|Any CPU.Build.0 = Release|Any CPU
		{85B13AFF-2E9C-4B71-9130-A9C87154B07A}.Debug|Any CPU.ActiveCfg = Debug|Any CPU
		{85B13AFF-2E9C-4B71-9130-A9C87154B07A}.Debug|Any CPU.Build.0 = Debug|Any CPU
		{85B13AFF-2E9C-4B71-9130-A9C87154B07A}.Release|Any CPU.ActiveCfg = Release|Any CPU
		{85B13AFF-2E9C-4B71-9130-A9C87154B07A}.Release|Any CPU.Build.0 = Release|Any CPU
	EndGlobalSection
	GlobalSection(SolutionProperties) = preSolution
		HideSolutionNode = FALSE
	EndGlobalSection
	GlobalSection(NestedProjects) = preSolution
		{72AF6705-508C-42BE-90B5-87B3113CB18D} = {8F3AD3F7-D929-49AF-A7DD-F09E131EFED5}
		{49847453-07C7-472C-95B8-D73AC5E68EE7} = {E2773ACD-082B-441B-91F2-A7B67B72C029}
		{85B13AFF-2E9C-4B71-9130-A9C87154B07A} = {E2773ACD-082B-441B-91F2-A7B67B72C029}
	EndGlobalSection
	GlobalSection(ExtensibilityGlobals) = postSolution
		SolutionGuid = {FADAFD1E-D8E7-4684-9E19-46D2EC19E736}
	EndGlobalSection
EndGlobal
