
Microsoft Visual Studio Solution File, Format Version 12.00
# Visual Studio 15
VisualStudioVersion = 15.0.27130.2010
MinimumVisualStudioVersion = 10.0.40219.1
Project("{FAE04EC0-301F-11D3-BF4B-00C04F79EFBC}") = "Logic", "Logic\Logic.csproj", "{430A23DE-D6D7-435C-B886-1D7B52C01136}"
EndProject
Project("{FAE04EC0-301F-11D3-BF4B-00C04F79EFBC}") = "Runner", "Runner\Runner.csproj", "{42BAFE8D-2E11-490C-8B0C-F68C2D1F44CA}"
EndProject
Global
	GlobalSection(SolutionConfigurationPlatforms) = preSolution
		Debug|Any CPU = Debug|Any CPU
		Release|Any CPU = Release|Any CPU
	EndGlobalSection
	GlobalSection(ProjectConfigurationPlatforms) = postSolution
		{430A23DE-D6D7-435C-B886-1D7B52C01136}.Debug|Any CPU.ActiveCfg = Debug|Any CPU
		{430A23DE-D6D7-435C-B886-1D7B52C01136}.Debug|Any CPU.Build.0 = Debug|Any CPU
		{430A23DE-D6D7-435C-B886-1D7B52C01136}.Release|Any CPU.ActiveCfg = Release|Any CPU
		{430A23DE-D6D7-435C-B886-1D7B52C01136}.Release|Any CPU.Build.0 = Release|Any CPU
		{42BAFE8D-2E11-490C-8B0C-F68C2D1F44CA}.Debug|Any CPU.ActiveCfg = Debug|Any CPU
		{42BAFE8D-2E11-490C-8B0C-F68C2D1F44CA}.Debug|Any CPU.Build.0 = Debug|Any CPU
		{42BAFE8D-2E11-490C-8B0C-F68C2D1F44CA}.Release|Any CPU.ActiveCfg = Release|Any CPU
		{42BAFE8D-2E11-490C-8B0C-F68C2D1F44CA}.Release|Any CPU.Build.0 = Release|Any CPU
	EndGlobalSection
	GlobalSection(SolutionProperties) = preSolution
		HideSolutionNode = FALSE
	EndGlobalSection
	GlobalSection(ExtensibilityGlobals) = postSolution
		SolutionGuid = {FADAFD1E-D8E7-4684-9E19-46D2EC19E736}
	EndGlobalSection
EndGlobal
