
Microsoft Visual Studio Solution File, Format Version 12.00
# Visual Studio 15
VisualStudioVersion = 15.0.27130.2010
MinimumVisualStudioVersion = 10.0.40219.1
Project("{FAE04EC0-301F-11D3-BF4B-00C04F79EFBC}") = "Runner", "Runner\Runner.csproj", "{42BAFE8D-2E11-490C-8B0C-F68C2D1F44CA}"
EndProject
Project("{9A19103F-16F7-4668-BE54-9A1E7A4F7556}") = "TelegramService", "TelegramService\TelegramService.csproj", "{D33C3B92-82D6-458B-9311-A59190326303}"
EndProject
Project("{FAE04EC0-301F-11D3-BF4B-00C04F79EFBC}") = "StorageService", "StorageService\StorageService.csproj", "{7D731EA8-377F-493C-A154-8FF9425D1FC9}"
EndProject
Project("{FAE04EC0-301F-11D3-BF4B-00C04F79EFBC}") = "Domain", "Domain\Domain.csproj", "{6C35EB29-3466-4EA2-A58A-F6B1F9EA9A81}"
EndProject
Global
	GlobalSection(SolutionConfigurationPlatforms) = preSolution
		Debug|Any CPU = Debug|Any CPU
		Release|Any CPU = Release|Any CPU
	EndGlobalSection
	GlobalSection(ProjectConfigurationPlatforms) = postSolution
		{42BAFE8D-2E11-490C-8B0C-F68C2D1F44CA}.Debug|Any CPU.ActiveCfg = Debug|Any CPU
		{42BAFE8D-2E11-490C-8B0C-F68C2D1F44CA}.Debug|Any CPU.Build.0 = Debug|Any CPU
		{42BAFE8D-2E11-490C-8B0C-F68C2D1F44CA}.Release|Any CPU.ActiveCfg = Release|Any CPU
		{42BAFE8D-2E11-490C-8B0C-F68C2D1F44CA}.Release|Any CPU.Build.0 = Release|Any CPU
		{D33C3B92-82D6-458B-9311-A59190326303}.Debug|Any CPU.ActiveCfg = Debug|Any CPU
		{D33C3B92-82D6-458B-9311-A59190326303}.Debug|Any CPU.Build.0 = Debug|Any CPU
		{D33C3B92-82D6-458B-9311-A59190326303}.Release|Any CPU.ActiveCfg = Release|Any CPU
		{D33C3B92-82D6-458B-9311-A59190326303}.Release|Any CPU.Build.0 = Release|Any CPU
		{7D731EA8-377F-493C-A154-8FF9425D1FC9}.Debug|Any CPU.ActiveCfg = Debug|Any CPU
		{7D731EA8-377F-493C-A154-8FF9425D1FC9}.Debug|Any CPU.Build.0 = Debug|Any CPU
		{7D731EA8-377F-493C-A154-8FF9425D1FC9}.Release|Any CPU.ActiveCfg = Release|Any CPU
		{7D731EA8-377F-493C-A154-8FF9425D1FC9}.Release|Any CPU.Build.0 = Release|Any CPU
		{6C35EB29-3466-4EA2-A58A-F6B1F9EA9A81}.Debug|Any CPU.ActiveCfg = Debug|Any CPU
		{6C35EB29-3466-4EA2-A58A-F6B1F9EA9A81}.Debug|Any CPU.Build.0 = Debug|Any CPU
		{6C35EB29-3466-4EA2-A58A-F6B1F9EA9A81}.Release|Any CPU.ActiveCfg = Release|Any CPU
		{6C35EB29-3466-4EA2-A58A-F6B1F9EA9A81}.Release|Any CPU.Build.0 = Release|Any CPU
	EndGlobalSection
	GlobalSection(SolutionProperties) = preSolution
		HideSolutionNode = FALSE
	EndGlobalSection
	GlobalSection(ExtensibilityGlobals) = postSolution
		SolutionGuid = {FADAFD1E-D8E7-4684-9E19-46D2EC19E736}
	EndGlobalSection
EndGlobal
